
Microsoft Visual Studio Solution File, Format Version 12.00
# Visual Studio Version 17
VisualStudioVersion = 17.8.34112.27
MinimumVisualStudioVersion = 10.0.40219.1
Project("{9A19103F-16F7-4668-BE54-9A1E7A4F7556}") = "TrustInnova", "TrustInnova\TrustInnova.csproj", "{61456C7D-3FBF-48CD-B983-A58EC7930FEB}"
EndProject
Project("{2150E333-8FDC-42A3-9474-1A3956D46DE8}") = "Platform", "Platform", "{5CE5D674-476B-4E18-B8AB-9358330EA3D7}"
EndProject
Project("{9A19103F-16F7-4668-BE54-9A1E7A4F7556}") = "TrustInnova.Window", "TrustInnova.Window\TrustInnova.Window.csproj", "{5CA15CA9-8BC7-4140-9512-897FA351ADEB}"
EndProject
Project("{9A19103F-16F7-4668-BE54-9A1E7A4F7556}") = "TrustInnova.Web", "TrustInnova.Web\TrustInnova.Web.csproj", "{9C234521-D105-443F-8BD4-BB8BE7782172}"
EndProject
Project("{9A19103F-16F7-4668-BE54-9A1E7A4F7556}") = "TrustInnova.WebAssembly", "TrustInnova.WebAssembly\TrustInnova.WebAssembly.csproj", "{61899479-A6D1-49FD-8204-F97D1F29B105}"
EndProject
Project("{9A19103F-16F7-4668-BE54-9A1E7A4F7556}") = "TrustInnova.Application", "TrustInnova.Application\TrustInnova.Application.csproj", "{604B4CFF-C0EC-4C8E-A7F3-B9F0281A8CC0}"
EndProject
Project("{9A19103F-16F7-4668-BE54-9A1E7A4F7556}") = "TrustInnova.App", "TrustInnova.App\TrustInnova.App.csproj", "{4697C3D1-91E6-4CD9-993D-132CDAC2F6E6}"
EndProject
Project("{9A19103F-16F7-4668-BE54-9A1E7A4F7556}") = "TrustInnova.API", "TrustInnova.API\TrustInnova.API.csproj", "{D1E8F840-68E2-4D21-97C7-8120DAC24311}"
EndProject
Project("{9A19103F-16F7-4668-BE54-9A1E7A4F7556}") = "TrustInnova.Linux", "TrustInnova.Linux\TrustInnova.Linux.csproj", "{202C4667-6461-43D4-889A-8336ECFD0E5F}"
EndProject
Project("{2150E333-8FDC-42A3-9474-1A3956D46DE8}") = "Shared", "Shared", "{A6FCE1B1-A1EE-43D1-98E0-3DDEB3D1F056}"
EndProject
Project("{9A19103F-16F7-4668-BE54-9A1E7A4F7556}") = "TrustInnova.Abstractions", "TrustInnova.Abstractions\TrustInnova.Abstractions.csproj", "{58C78630-184F-4458-8BF0-2BF06E86EE69}"
EndProject
Project("{2150E333-8FDC-42A3-9474-1A3956D46DE8}") = "Providers", "Providers", "{F55026D2-741F-4F09-904D-68D592F766BC}"
EndProject
Project("{9A19103F-16F7-4668-BE54-9A1E7A4F7556}") = "TrustInnova.Provider.Baidu", "TrustInnova.Provider.Baidu\TrustInnova.Provider.Baidu.csproj", "{30A89D78-01CD-4B7F-BB4F-43C72D29B78F}"
EndProject
Project("{9A19103F-16F7-4668-BE54-9A1E7A4F7556}") = "TrustInnova.Utils", "TrustInnova.Utils\TrustInnova.Utils.csproj", "{E351BB6B-4F61-4CE9-A6B3-9D527B278E16}"
EndProject
Project("{9A19103F-16F7-4668-BE54-9A1E7A4F7556}") = "TrustInnova.Provider.XunFei", "TrustInnova.Provider.XunFei\TrustInnova.Provider.XunFei.csproj", "{015ADE14-3368-4FF6-89FC-FDBAFE7405A9}"
EndProject
Project("{9A19103F-16F7-4668-BE54-9A1E7A4F7556}") = "TrustInnova.Provider.OpenAI", "TrustInnova.Provider.OpenAI\TrustInnova.Provider.OpenAI.csproj", "{C52CB3BD-174E-4F9B-BB53-034ADC1791B9}"
EndProject
Project("{9A19103F-16F7-4668-BE54-9A1E7A4F7556}") = "TrustInnova.Provider.Ollama", "TrustInnova.Provider.Ollama\TrustInnova.Provider.Ollama.csproj", "{E6B79388-EC7B-4DC7-B317-6C47ED6AD8EC}"
EndProject
Project("{9A19103F-16F7-4668-BE54-9A1E7A4F7556}") = "TrustInnova.Provider.LLama", "TrustInnova.Provider.LLama\TrustInnova.Provider.LLama.csproj", "{91471D8C-4771-4519-BD4B-5E2BA853E960}"
EndProject
Project("{FAE04EC0-301F-11D3-BF4B-00C04F79EFBC}") = "TrustInnova.Provider.Onnx", "TrustInnova.Provider.Onnx\TrustInnova.Provider.Onnx.csproj", "{97F8D103-26DF-4A63-AB63-39702D008BEC}"
EndProject
Global
	GlobalSection(SolutionConfigurationPlatforms) = preSolution
		Debug|Any CPU = Debug|Any CPU
		Release|Any CPU = Release|Any CPU
	EndGlobalSection
	GlobalSection(ProjectConfigurationPlatforms) = postSolution
		{61456C7D-3FBF-48CD-B983-A58EC7930FEB}.Debug|Any CPU.ActiveCfg = Debug|Any CPU
		{61456C7D-3FBF-48CD-B983-A58EC7930FEB}.Debug|Any CPU.Build.0 = Debug|Any CPU
		{61456C7D-3FBF-48CD-B983-A58EC7930FEB}.Release|Any CPU.ActiveCfg = Release|Any CPU
		{61456C7D-3FBF-48CD-B983-A58EC7930FEB}.Release|Any CPU.Build.0 = Release|Any CPU
		{5CA15CA9-8BC7-4140-9512-897FA351ADEB}.Debug|Any CPU.ActiveCfg = Debug|Any CPU
		{5CA15CA9-8BC7-4140-9512-897FA351ADEB}.Debug|Any CPU.Build.0 = Debug|Any CPU
		{5CA15CA9-8BC7-4140-9512-897FA351ADEB}.Release|Any CPU.ActiveCfg = Release|Any CPU
		{5CA15CA9-8BC7-4140-9512-897FA351ADEB}.Release|Any CPU.Build.0 = Release|Any CPU
		{9C234521-D105-443F-8BD4-BB8BE7782172}.Debug|Any CPU.ActiveCfg = Debug|Any CPU
		{9C234521-D105-443F-8BD4-BB8BE7782172}.Debug|Any CPU.Build.0 = Debug|Any CPU
		{9C234521-D105-443F-8BD4-BB8BE7782172}.Release|Any CPU.ActiveCfg = Release|Any CPU
		{9C234521-D105-443F-8BD4-BB8BE7782172}.Release|Any CPU.Build.0 = Release|Any CPU
		{61899479-A6D1-49FD-8204-F97D1F29B105}.Debug|Any CPU.ActiveCfg = Debug|Any CPU
		{61899479-A6D1-49FD-8204-F97D1F29B105}.Debug|Any CPU.Build.0 = Debug|Any CPU
		{61899479-A6D1-49FD-8204-F97D1F29B105}.Release|Any CPU.ActiveCfg = Release|Any CPU
		{61899479-A6D1-49FD-8204-F97D1F29B105}.Release|Any CPU.Build.0 = Release|Any CPU
		{604B4CFF-C0EC-4C8E-A7F3-B9F0281A8CC0}.Debug|Any CPU.ActiveCfg = Debug|Any CPU
		{604B4CFF-C0EC-4C8E-A7F3-B9F0281A8CC0}.Debug|Any CPU.Build.0 = Debug|Any CPU
		{604B4CFF-C0EC-4C8E-A7F3-B9F0281A8CC0}.Release|Any CPU.ActiveCfg = Release|Any CPU
		{604B4CFF-C0EC-4C8E-A7F3-B9F0281A8CC0}.Release|Any CPU.Build.0 = Release|Any CPU
		{4697C3D1-91E6-4CD9-993D-132CDAC2F6E6}.Debug|Any CPU.ActiveCfg = Debug|Any CPU
		{4697C3D1-91E6-4CD9-993D-132CDAC2F6E6}.Debug|Any CPU.Build.0 = Debug|Any CPU
		{4697C3D1-91E6-4CD9-993D-132CDAC2F6E6}.Debug|Any CPU.Deploy.0 = Debug|Any CPU
		{4697C3D1-91E6-4CD9-993D-132CDAC2F6E6}.Release|Any CPU.ActiveCfg = Release|Any CPU
		{4697C3D1-91E6-4CD9-993D-132CDAC2F6E6}.Release|Any CPU.Build.0 = Release|Any CPU
		{4697C3D1-91E6-4CD9-993D-132CDAC2F6E6}.Release|Any CPU.Deploy.0 = Release|Any CPU
		{D1E8F840-68E2-4D21-97C7-8120DAC24311}.Debug|Any CPU.ActiveCfg = Debug|Any CPU
		{D1E8F840-68E2-4D21-97C7-8120DAC24311}.Debug|Any CPU.Build.0 = Debug|Any CPU
		{D1E8F840-68E2-4D21-97C7-8120DAC24311}.Release|Any CPU.ActiveCfg = Release|Any CPU
		{D1E8F840-68E2-4D21-97C7-8120DAC24311}.Release|Any CPU.Build.0 = Release|Any CPU
		{202C4667-6461-43D4-889A-8336ECFD0E5F}.Debug|Any CPU.ActiveCfg = Debug|x86
		{202C4667-6461-43D4-889A-8336ECFD0E5F}.Debug|Any CPU.Build.0 = Debug|x86
		{202C4667-6461-43D4-889A-8336ECFD0E5F}.Release|Any CPU.ActiveCfg = Release|Any CPU
		{202C4667-6461-43D4-889A-8336ECFD0E5F}.Release|Any CPU.Build.0 = Release|Any CPU
		{58C78630-184F-4458-8BF0-2BF06E86EE69}.Debug|Any CPU.ActiveCfg = Debug|Any CPU
		{58C78630-184F-4458-8BF0-2BF06E86EE69}.Debug|Any CPU.Build.0 = Debug|Any CPU
		{58C78630-184F-4458-8BF0-2BF06E86EE69}.Release|Any CPU.ActiveCfg = Release|Any CPU
		{58C78630-184F-4458-8BF0-2BF06E86EE69}.Release|Any CPU.Build.0 = Release|Any CPU
		{30A89D78-01CD-4B7F-BB4F-43C72D29B78F}.Debug|Any CPU.ActiveCfg = Debug|Any CPU
		{30A89D78-01CD-4B7F-BB4F-43C72D29B78F}.Debug|Any CPU.Build.0 = Debug|Any CPU
		{30A89D78-01CD-4B7F-BB4F-43C72D29B78F}.Release|Any CPU.ActiveCfg = Release|Any CPU
		{30A89D78-01CD-4B7F-BB4F-43C72D29B78F}.Release|Any CPU.Build.0 = Release|Any CPU
		{E351BB6B-4F61-4CE9-A6B3-9D527B278E16}.Debug|Any CPU.ActiveCfg = Debug|Any CPU
		{E351BB6B-4F61-4CE9-A6B3-9D527B278E16}.Debug|Any CPU.Build.0 = Debug|Any CPU
		{E351BB6B-4F61-4CE9-A6B3-9D527B278E16}.Release|Any CPU.ActiveCfg = Release|Any CPU
		{E351BB6B-4F61-4CE9-A6B3-9D527B278E16}.Release|Any CPU.Build.0 = Release|Any CPU
		{015ADE14-3368-4FF6-89FC-FDBAFE7405A9}.Debug|Any CPU.ActiveCfg = Debug|Any CPU
		{015ADE14-3368-4FF6-89FC-FDBAFE7405A9}.Debug|Any CPU.Build.0 = Debug|Any CPU
		{015ADE14-3368-4FF6-89FC-FDBAFE7405A9}.Release|Any CPU.ActiveCfg = Release|Any CPU
		{015ADE14-3368-4FF6-89FC-FDBAFE7405A9}.Release|Any CPU.Build.0 = Release|Any CPU
		{C52CB3BD-174E-4F9B-BB53-034ADC1791B9}.Debug|Any CPU.ActiveCfg = Debug|Any CPU
		{C52CB3BD-174E-4F9B-BB53-034ADC1791B9}.Debug|Any CPU.Build.0 = Debug|Any CPU
		{C52CB3BD-174E-4F9B-BB53-034ADC1791B9}.Release|Any CPU.ActiveCfg = Release|Any CPU
		{C52CB3BD-174E-4F9B-BB53-034ADC1791B9}.Release|Any CPU.Build.0 = Release|Any CPU
		{E6B79388-EC7B-4DC7-B317-6C47ED6AD8EC}.Debug|Any CPU.ActiveCfg = Debug|Any CPU
		{E6B79388-EC7B-4DC7-B317-6C47ED6AD8EC}.Debug|Any CPU.Build.0 = Debug|Any CPU
		{E6B79388-EC7B-4DC7-B317-6C47ED6AD8EC}.Release|Any CPU.ActiveCfg = Release|Any CPU
		{E6B79388-EC7B-4DC7-B317-6C47ED6AD8EC}.Release|Any CPU.Build.0 = Release|Any CPU
		{91471D8C-4771-4519-BD4B-5E2BA853E960}.Debug|Any CPU.ActiveCfg = Debug|Any CPU
		{91471D8C-4771-4519-BD4B-5E2BA853E960}.Debug|Any CPU.Build.0 = Debug|Any CPU
		{91471D8C-4771-4519-BD4B-5E2BA853E960}.Release|Any CPU.ActiveCfg = Release|Any CPU
		{91471D8C-4771-4519-BD4B-5E2BA853E960}.Release|Any CPU.Build.0 = Release|Any CPU
		{97F8D103-26DF-4A63-AB63-39702D008BEC}.Debug|Any CPU.ActiveCfg = Debug|Any CPU
		{97F8D103-26DF-4A63-AB63-39702D008BEC}.Debug|Any CPU.Build.0 = Debug|Any CPU
		{97F8D103-26DF-4A63-AB63-39702D008BEC}.Release|Any CPU.ActiveCfg = Release|Any CPU
		{97F8D103-26DF-4A63-AB63-39702D008BEC}.Release|Any CPU.Build.0 = Release|Any CPU
	EndGlobalSection
	GlobalSection(SolutionProperties) = preSolution
		HideSolutionNode = FALSE
	EndGlobalSection
	GlobalSection(NestedProjects) = preSolution
		{5CA15CA9-8BC7-4140-9512-897FA351ADEB} = {5CE5D674-476B-4E18-B8AB-9358330EA3D7}
		{9C234521-D105-443F-8BD4-BB8BE7782172} = {5CE5D674-476B-4E18-B8AB-9358330EA3D7}
		{61899479-A6D1-49FD-8204-F97D1F29B105} = {5CE5D674-476B-4E18-B8AB-9358330EA3D7}
		{4697C3D1-91E6-4CD9-993D-132CDAC2F6E6} = {5CE5D674-476B-4E18-B8AB-9358330EA3D7}
		{D1E8F840-68E2-4D21-97C7-8120DAC24311} = {5CE5D674-476B-4E18-B8AB-9358330EA3D7}
		{202C4667-6461-43D4-889A-8336ECFD0E5F} = {5CE5D674-476B-4E18-B8AB-9358330EA3D7}
		{58C78630-184F-4458-8BF0-2BF06E86EE69} = {A6FCE1B1-A1EE-43D1-98E0-3DDEB3D1F056}
		{30A89D78-01CD-4B7F-BB4F-43C72D29B78F} = {F55026D2-741F-4F09-904D-68D592F766BC}
		{E351BB6B-4F61-4CE9-A6B3-9D527B278E16} = {A6FCE1B1-A1EE-43D1-98E0-3DDEB3D1F056}
		{015ADE14-3368-4FF6-89FC-FDBAFE7405A9} = {F55026D2-741F-4F09-904D-68D592F766BC}
		{C52CB3BD-174E-4F9B-BB53-034ADC1791B9} = {F55026D2-741F-4F09-904D-68D592F766BC}
		{E6B79388-EC7B-4DC7-B317-6C47ED6AD8EC} = {F55026D2-741F-4F09-904D-68D592F766BC}
		{91471D8C-4771-4519-BD4B-5E2BA853E960} = {F55026D2-741F-4F09-904D-68D592F766BC}
		{97F8D103-26DF-4A63-AB63-39702D008BEC} = {F55026D2-741F-4F09-904D-68D592F766BC}
	EndGlobalSection
	GlobalSection(ExtensibilityGlobals) = postSolution
		SolutionGuid = {48F1A089-C935-48AA-AACD-71B7B815C0AF}
	EndGlobalSection
EndGlobal
